
Microsoft Visual Studio Solution File, Format Version 12.00
# Visual Studio Version 16
VisualStudioVersion = 16.0.29201.188
MinimumVisualStudioVersion = 10.0.40219.1
Project("{FAE04EC0-301F-11D3-BF4B-00C04F79EFBC}") = "EasyAgents_Design", "EasyAgents_Design.csproj", "{5B729E19-3583-46C7-9482-B2D760D7F906}"
EndProject
Global
	GlobalSection(SolutionConfigurationPlatforms) = preSolution
		Debug|Any CPU = Debug|Any CPU
		Release|Any CPU = Release|Any CPU
	EndGlobalSection
	GlobalSection(ProjectConfigurationPlatforms) = postSolution
		{5B729E19-3583-46C7-9482-B2D760D7F906}.Debug|Any CPU.ActiveCfg = Debug|Any CPU
		{5B729E19-3583-46C7-9482-B2D760D7F906}.Debug|Any CPU.Build.0 = Debug|Any CPU
		{5B729E19-3583-46C7-9482-B2D760D7F906}.Release|Any CPU.ActiveCfg = Release|Any CPU
		{5B729E19-3583-46C7-9482-B2D760D7F906}.Release|Any CPU.Build.0 = Release|Any CPU
	EndGlobalSection
	GlobalSection(SolutionProperties) = preSolution
		HideSolutionNode = FALSE
	EndGlobalSection
	GlobalSection(ExtensibilityGlobals) = postSolution
		SolutionGuid = {A787054D-D6B0-4FE6-9DDA-CD385F915585}
	EndGlobalSection
EndGlobal
